// !$*UTF8*$!
{
	archiveVersion = 1;
	classes = {
	};
	objectVersion = 46;
	objects = {

/* Begin PBXBuildFile section */
		3D02A8CE1D205A60006616FA /* fire.png in Resources */ = {isa = PBXBuildFile; fileRef = 3D02A8CD1D205A60006616FA /* fire.png */; };
		3D0B1C231D49A91A000AAED8 /* Gimme Danger.ttf in Resources */ = {isa = PBXBuildFile; fileRef = 3D0B1C221D49A832000AAED8 /* Gimme Danger.ttf */; };
		3D13D16D1D4852A700FAFBA2 /* Game Over Base.png in Resources */ = {isa = PBXBuildFile; fileRef = 3D13D16B1D4852A700FAFBA2 /* Game Over Base.png */; };
		3D13D16E1D4852A700FAFBA2 /* Game Over Acid.png in Resources */ = {isa = PBXBuildFile; fileRef = 3D13D16C1D4852A700FAFBA2 /* Game Over Acid.png */; };
		3D1A62C51D35A2B300731DB1 /* clear.png in Resources */ = {isa = PBXBuildFile; fileRef = 3D1A62C41D35A2B300731DB1 /* clear.png */; };
		3D1A62C71D35A2B900731DB1 /* red.png in Resources */ = {isa = PBXBuildFile; fileRef = 3D1A62C61D35A2B900731DB1 /* red.png */; };
		3D1A62C91D35A2C000731DB1 /* yellow.png in Resources */ = {isa = PBXBuildFile; fileRef = 3D1A62C81D35A2C000731DB1 /* yellow.png */; };
		3D1A62CB1D35A2DB00731DB1 /* blue.png in Resources */ = {isa = PBXBuildFile; fileRef = 3D1A62CA1D35A2DB00731DB1 /* blue.png */; };
		3D1A62CD1D35B80A00731DB1 /* pink.png in Resources */ = {isa = PBXBuildFile; fileRef = 3D1A62CC1D35B80A00731DB1 /* pink.png */; };
		3D333C991D1349540082AD75 /* LoseViewController.m in Sources */ = {isa = PBXBuildFile; fileRef = 3D333C981D1349540082AD75 /* LoseViewController.m */; };
		3D5513B41CC43EBB00414144 /* Game.m in Sources */ = {isa = PBXBuildFile; fileRef = 3D5513B31CC43EBB00414144 /* Game.m */; };
		3D5E22E91D49A6400028007D /* Howtoacidbase.png in Resources */ = {isa = PBXBuildFile; fileRef = 3D5E22E81D49A6400028007D /* Howtoacidbase.png */; };
		3D91F78D1D1EBC640047ACC2 /* how.png in Resources */ = {isa = PBXBuildFile; fileRef = 3D91F78A1D1EBC640047ACC2 /* how.png */; };
		3D91F78E1D1EBC640047ACC2 /* Play.png in Resources */ = {isa = PBXBuildFile; fileRef = 3D91F78B1D1EBC640047ACC2 /* Play.png */; };
		3D91F7911D20229E0047ACC2 /* AcidOrBase.m in Sources */ = {isa = PBXBuildFile; fileRef = 3D91F7901D20229E0047ACC2 /* AcidOrBase.m */; };
		3D91F7981D2024CE0047ACC2 /* arrowdown.png in Resources */ = {isa = PBXBuildFile; fileRef = 3D91F7941D2024CE0047ACC2 /* arrowdown.png */; };
		3D91F7991D2024CE0047ACC2 /* arrowleft.png in Resources */ = {isa = PBXBuildFile; fileRef = 3D91F7951D2024CE0047ACC2 /* arrowleft.png */; };
		3D91F79A1D2024CE0047ACC2 /* arrowright.png in Resources */ = {isa = PBXBuildFile; fileRef = 3D91F7961D2024CE0047ACC2 /* arrowright.png */; };
		3D91F79B1D2024CE0047ACC2 /* arrowup.png in Resources */ = {isa = PBXBuildFile; fileRef = 3D91F7971D2024CE0047ACC2 /* arrowup.png */; };
		3D92C37F1D4853B9003FA7D0 /* TimesUp.png in Resources */ = {isa = PBXBuildFile; fileRef = 3D92C37E1D4853B9003FA7D0 /* TimesUp.png */; };
		3D92C3811D497FA3003FA7D0 /* ChemInfo.png in Resources */ = {isa = PBXBuildFile; fileRef = 3D92C3801D497FA3003FA7D0 /* ChemInfo.png */; };
		3D92C3831D498005003FA7D0 /* Game.png in Resources */ = {isa = PBXBuildFile; fileRef = 3D92C3821D498005003FA7D0 /* Game.png */; };
		3D92C3851D49804F003FA7D0 /* playbutton.png in Resources */ = {isa = PBXBuildFile; fileRef = 3D92C3841D49804F003FA7D0 /* playbutton.png */; };
		3D92C3871D4981E8003FA7D0 /* back arrow.png in Resources */ = {isa = PBXBuildFile; fileRef = 3D92C3861D4981E8003FA7D0 /* back arrow.png */; };
		3D92C38A1D49A208003FA7D0 /* GameMen.png in Resources */ = {isa = PBXBuildFile; fileRef = 3D92C3881D49A208003FA7D0 /* GameMen.png */; };
		3D92C38B1D49A208003FA7D0 /* Main.png in Resources */ = {isa = PBXBuildFile; fileRef = 3D92C3891D49A208003FA7D0 /* Main.png */; };
		3D9CC7CD1CFB35FF008E2E83 /* GameKit.framework in Frameworks */ = {isa = PBXBuildFile; fileRef = 3DDC41B01CFA7E0B00A47210 /* GameKit.framework */; };
		3DB1DD281CFB64620018B5B3 /* GameCenterViewController.m in Sources */ = {isa = PBXBuildFile; fileRef = 3DB1DD271CFB64620018B5B3 /* GameCenterViewController.m */; };
		3DB1DD2A1CFB65860018B5B3 /* Foundation.framework in Frameworks */ = {isa = PBXBuildFile; fileRef = 3DB1DD291CFB65860018B5B3 /* Foundation.framework */; };
		3DB1DD2C1CFB658C0018B5B3 /* CoreGraphics.framework in Frameworks */ = {isa = PBXBuildFile; fileRef = 3DB1DD2B1CFB658C0018B5B3 /* CoreGraphics.framework */; };
		3DB1DD2E1CFB65930018B5B3 /* UIKit.framework in Frameworks */ = {isa = PBXBuildFile; fileRef = 3DB1DD2D1CFB65930018B5B3 /* UIKit.framework */; };
		3DBD8EF71D03640200A9D070 /* HowToPlayViewController.m in Sources */ = {isa = PBXBuildFile; fileRef = 3DBD8EF61D03640200A9D070 /* HowToPlayViewController.m */; };
		3DD3F8B21D45B05C00EC78A0 /* LoseAcidViewController.m in Sources */ = {isa = PBXBuildFile; fileRef = 3DD3F8B11D45B05C00EC78A0 /* LoseAcidViewController.m */; };
		3DD3F8B51D45B06900EC78A0 /* LoseBaseViewController.m in Sources */ = {isa = PBXBuildFile; fileRef = 3DD3F8B41D45B06900EC78A0 /* LoseBaseViewController.m */; };
		3DD3F8B81D45B08500EC78A0 /* WinAcidBaseViewController.m in Sources */ = {isa = PBXBuildFile; fileRef = 3DD3F8B71D45B08500EC78A0 /* WinAcidBaseViewController.m */; };
		3DD3F8BA1D4849F400EC78A0 /* Color Swipe button.png in Resources */ = {isa = PBXBuildFile; fileRef = 3DD3F8B91D4849F400EC78A0 /* Color Swipe button.png */; };
		3DD3F8BC1D484AF200EC78A0 /* check.png in Resources */ = {isa = PBXBuildFile; fileRef = 3DD3F8BB1D484AF200EC78A0 /* check.png */; };
		3DD3F8BE1D484AF900EC78A0 /* pause.png in Resources */ = {isa = PBXBuildFile; fileRef = 3DD3F8BD1D484AF900EC78A0 /* pause.png */; };
		3DD3F8C01D484B0C00EC78A0 /* x.png in Resources */ = {isa = PBXBuildFile; fileRef = 3DD3F8BF1D484B0C00EC78A0 /* x.png */; };
		3DEE07871D20266F0018B759 /* Ba-norm.png in Resources */ = {isa = PBXBuildFile; fileRef = 3DEE07801D20266F0018B759 /* Ba-norm.png */; };
		3DEE07881D20266F0018B759 /* Ca-norm.png in Resources */ = {isa = PBXBuildFile; fileRef = 3DEE07811D20266F0018B759 /* Ca-norm.png */; };
		3DEE07891D20266F0018B759 /* Cu-norm.png in Resources */ = {isa = PBXBuildFile; fileRef = 3DEE07821D20266F0018B759 /* Cu-norm.png */; };
		3DEE078B1D20266F0018B759 /* Li-norm.png in Resources */ = {isa = PBXBuildFile; fileRef = 3DEE07841D20266F0018B759 /* Li-norm.png */; };
		3DEE078C1D20266F0018B759 /* Na-norm.png in Resources */ = {isa = PBXBuildFile; fileRef = 3DEE07851D20266F0018B759 /* Na-norm.png */; };
		3DEE078D1D20266F0018B759 /* St-norm.png in Resources */ = {isa = PBXBuildFile; fileRef = 3DEE07861D20266F0018B759 /* St-norm.png */; };
		EC44429A1D1F10F600F5565D /* Ba-ionized.png in Resources */ = {isa = PBXBuildFile; fileRef = EC4442891D1F10F600F5565D /* Ba-ionized.png */; };
		EC44429D1D1F10F600F5565D /* Ca-ionized.png in Resources */ = {isa = PBXBuildFile; fileRef = EC44428C1D1F10F600F5565D /* Ca-ionized.png */; };
		EC44429F1D1F10F600F5565D /* Cu-ionized.png in Resources */ = {isa = PBXBuildFile; fileRef = EC44428E1D1F10F600F5565D /* Cu-ionized.png */; };
		EC4442A11D1F10F600F5565D /* Green Brick.png in Resources */ = {isa = PBXBuildFile; fileRef = EC4442901D1F10F600F5565D /* Green Brick.png */; };
		EC4442A21D1F10F600F5565D /* Li-ionized.png in Resources */ = {isa = PBXBuildFile; fileRef = EC4442911D1F10F600F5565D /* Li-ionized.png */; };
		EC4442A41D1F10F600F5565D /* Na-ionized.png in Resources */ = {isa = PBXBuildFile; fileRef = EC4442931D1F10F600F5565D /* Na-ionized.png */; };
		EC4442A61D1F10F600F5565D /* Orange Brick.png in Resources */ = {isa = PBXBuildFile; fileRef = EC4442951D1F10F600F5565D /* Orange Brick.png */; };
		EC4442A71D1F10F600F5565D /* Red brick.png in Resources */ = {isa = PBXBuildFile; fileRef = EC4442961D1F10F600F5565D /* Red brick.png */; };
		EC4442A81D1F10F600F5565D /* St-ionized.png in Resources */ = {isa = PBXBuildFile; fileRef = EC4442971D1F10F600F5565D /* St-ionized.png */; };
		EC4442AA1D1F10F600F5565D /* Yellow Brick.png in Resources */ = {isa = PBXBuildFile; fileRef = EC4442991D1F10F600F5565D /* Yellow Brick.png */; };
		EC6CF2FA1CC4143D002C31BD /* main.m in Sources */ = {isa = PBXBuildFile; fileRef = EC6CF2F91CC4143D002C31BD /* main.m */; };
		EC6CF2FD1CC4143D002C31BD /* AppDelegate.m in Sources */ = {isa = PBXBuildFile; fileRef = EC6CF2FC1CC4143D002C31BD /* AppDelegate.m */; };
		EC6CF3001CC4143D002C31BD /* ViewController.m in Sources */ = {isa = PBXBuildFile; fileRef = EC6CF2FF1CC4143D002C31BD /* ViewController.m */; };
		EC6CF3031CC4143D002C31BD /* Main.storyboard in Resources */ = {isa = PBXBuildFile; fileRef = EC6CF3011CC4143D002C31BD /* Main.storyboard */; };
		EC6CF3051CC4143D002C31BD /* Assets.xcassets in Resources */ = {isa = PBXBuildFile; fileRef = EC6CF3041CC4143D002C31BD /* Assets.xcassets */; };
		EC6CF3081CC4143D002C31BD /* LaunchScreen.storyboard in Resources */ = {isa = PBXBuildFile; fileRef = EC6CF3061CC4143D002C31BD /* LaunchScreen.storyboard */; };
		EC6CF3131CC4143D002C31BD /* ProColorsTests.m in Sources */ = {isa = PBXBuildFile; fileRef = EC6CF3121CC4143D002C31BD /* ProColorsTests.m */; };
		EC6CF31E1CC4143D002C31BD /* ProColorsUITests.m in Sources */ = {isa = PBXBuildFile; fileRef = EC6CF31D1CC4143D002C31BD /* ProColorsUITests.m */; };
		ECD1FEAC1D1F4C7300CC56C9 /* WinViewController.m in Sources */ = {isa = PBXBuildFile; fileRef = ECD1FEAB1D1F4C7300CC56C9 /* WinViewController.m */; };
/* End PBXBuildFile section */

/* Begin PBXContainerItemProxy section */
		EC6CF30F1CC4143D002C31BD /* PBXContainerItemProxy */ = {
			isa = PBXContainerItemProxy;
			containerPortal = EC6CF2ED1CC4143D002C31BD /* Project object */;
			proxyType = 1;
			remoteGlobalIDString = EC6CF2F41CC4143D002C31BD;
			remoteInfo = ProColors;
		};
		EC6CF31A1CC4143D002C31BD /* PBXContainerItemProxy */ = {
			isa = PBXContainerItemProxy;
			containerPortal = EC6CF2ED1CC4143D002C31BD /* Project object */;
			proxyType = 1;
			remoteGlobalIDString = EC6CF2F41CC4143D002C31BD;
			remoteInfo = ProColors;
		};
/* End PBXContainerItemProxy section */

/* Begin PBXFileReference section */
		3D02A8CD1D205A60006616FA /* fire.png */ = {isa = PBXFileReference; lastKnownFileType = image.png; path = fire.png; sourceTree = "<group>"; };
		3D0B1C221D49A832000AAED8 /* Gimme Danger.ttf */ = {isa = PBXFileReference; lastKnownFileType = file; path = "Gimme Danger.ttf"; sourceTree = "<group>"; };
		3D13D16B1D4852A700FAFBA2 /* Game Over Base.png */ = {isa = PBXFileReference; lastKnownFileType = image.png; path = "Game Over Base.png"; sourceTree = "<group>"; };
		3D13D16C1D4852A700FAFBA2 /* Game Over Acid.png */ = {isa = PBXFileReference; lastKnownFileType = image.png; path = "Game Over Acid.png"; sourceTree = "<group>"; };
		3D1A62C41D35A2B300731DB1 /* clear.png */ = {isa = PBXFileReference; lastKnownFileType = image.png; path = clear.png; sourceTree = "<group>"; };
		3D1A62C61D35A2B900731DB1 /* red.png */ = {isa = PBXFileReference; lastKnownFileType = image.png; path = red.png; sourceTree = "<group>"; };
		3D1A62C81D35A2C000731DB1 /* yellow.png */ = {isa = PBXFileReference; lastKnownFileType = image.png; path = yellow.png; sourceTree = "<group>"; };
		3D1A62CA1D35A2DB00731DB1 /* blue.png */ = {isa = PBXFileReference; lastKnownFileType = image.png; path = blue.png; sourceTree = "<group>"; };
		3D1A62CC1D35B80A00731DB1 /* pink.png */ = {isa = PBXFileReference; lastKnownFileType = image.png; path = pink.png; sourceTree = "<group>"; };
		3D333C971D1349540082AD75 /* LoseViewController.h */ = {isa = PBXFileReference; fileEncoding = 4; lastKnownFileType = sourcecode.c.h; path = LoseViewController.h; sourceTree = "<group>"; };
		3D333C981D1349540082AD75 /* LoseViewController.m */ = {isa = PBXFileReference; fileEncoding = 4; lastKnownFileType = sourcecode.c.objc; path = LoseViewController.m; sourceTree = "<group>"; };
		3D5513B21CC43EBB00414144 /* Game.h */ = {isa = PBXFileReference; fileEncoding = 4; lastKnownFileType = sourcecode.c.h; path = Game.h; sourceTree = "<group>"; };
		3D5513B31CC43EBB00414144 /* Game.m */ = {isa = PBXFileReference; fileEncoding = 4; lastKnownFileType = sourcecode.c.objc; lineEnding = 0; path = Game.m; sourceTree = "<group>"; tabWidth = 6; wrapsLines = 1; };
		3D5E22E81D49A6400028007D /* Howtoacidbase.png */ = {isa = PBXFileReference; lastKnownFileType = image.png; path = Howtoacidbase.png; sourceTree = "<group>"; };
		3D91F78A1D1EBC640047ACC2 /* how.png */ = {isa = PBXFileReference; lastKnownFileType = image.png; path = how.png; sourceTree = "<group>"; };
		3D91F78B1D1EBC640047ACC2 /* Play.png */ = {isa = PBXFileReference; lastKnownFileType = image.png; path = Play.png; sourceTree = "<group>"; };
		3D91F78F1D20229E0047ACC2 /* AcidOrBase.h */ = {isa = PBXFileReference; fileEncoding = 4; lastKnownFileType = sourcecode.c.h; path = AcidOrBase.h; sourceTree = "<group>"; };
		3D91F7901D20229E0047ACC2 /* AcidOrBase.m */ = {isa = PBXFileReference; fileEncoding = 4; lastKnownFileType = sourcecode.c.objc; path = AcidOrBase.m; sourceTree = "<group>"; };
		3D91F7941D2024CE0047ACC2 /* arrowdown.png */ = {isa = PBXFileReference; lastKnownFileType = image.png; path = arrowdown.png; sourceTree = "<group>"; };
		3D91F7951D2024CE0047ACC2 /* arrowleft.png */ = {isa = PBXFileReference; lastKnownFileType = image.png; path = arrowleft.png; sourceTree = "<group>"; };
		3D91F7961D2024CE0047ACC2 /* arrowright.png */ = {isa = PBXFileReference; lastKnownFileType = image.png; path = arrowright.png; sourceTree = "<group>"; };
		3D91F7971D2024CE0047ACC2 /* arrowup.png */ = {isa = PBXFileReference; lastKnownFileType = image.png; path = arrowup.png; sourceTree = "<group>"; };
		3D92C37E1D4853B9003FA7D0 /* TimesUp.png */ = {isa = PBXFileReference; lastKnownFileType = image.png; path = TimesUp.png; sourceTree = "<group>"; };
		3D92C3801D497FA3003FA7D0 /* ChemInfo.png */ = {isa = PBXFileReference; lastKnownFileType = image.png; path = ChemInfo.png; sourceTree = "<group>"; };
		3D92C3821D498005003FA7D0 /* Game.png */ = {isa = PBXFileReference; lastKnownFileType = image.png; path = Game.png; sourceTree = "<group>"; };
		3D92C3841D49804F003FA7D0 /* playbutton.png */ = {isa = PBXFileReference; lastKnownFileType = image.png; path = playbutton.png; sourceTree = "<group>"; };
		3D92C3861D4981E8003FA7D0 /* back arrow.png */ = {isa = PBXFileReference; lastKnownFileType = image.png; path = "back arrow.png"; sourceTree = "<group>"; };
		3D92C3881D49A208003FA7D0 /* GameMen.png */ = {isa = PBXFileReference; lastKnownFileType = image.png; path = GameMen.png; sourceTree = "<group>"; };
		3D92C3891D49A208003FA7D0 /* Main.png */ = {isa = PBXFileReference; lastKnownFileType = image.png; path = Main.png; sourceTree = "<group>"; };
		3DB1DD261CFB64620018B5B3 /* GameCenterViewController.h */ = {isa = PBXFileReference; fileEncoding = 4; lastKnownFileType = sourcecode.c.h; name = GameCenterViewController.h; path = ../GameCenterViewController.h; sourceTree = "<group>"; };
		3DB1DD271CFB64620018B5B3 /* GameCenterViewController.m */ = {isa = PBXFileReference; fileEncoding = 4; lastKnownFileType = sourcecode.c.objc; name = GameCenterViewController.m; path = ../GameCenterViewController.m; sourceTree = "<group>"; };
		3DB1DD291CFB65860018B5B3 /* Foundation.framework */ = {isa = PBXFileReference; lastKnownFileType = wrapper.framework; name = Foundation.framework; path = System/Library/Frameworks/Foundation.framework; sourceTree = SDKROOT; };
		3DB1DD2B1CFB658C0018B5B3 /* CoreGraphics.framework */ = {isa = PBXFileReference; lastKnownFileType = wrapper.framework; name = CoreGraphics.framework; path = System/Library/Frameworks/CoreGraphics.framework; sourceTree = SDKROOT; };
		3DB1DD2D1CFB65930018B5B3 /* UIKit.framework */ = {isa = PBXFileReference; lastKnownFileType = wrapper.framework; name = UIKit.framework; path = System/Library/Frameworks/UIKit.framework; sourceTree = SDKROOT; };
		3DBD8EF51D03640200A9D070 /* HowToPlayViewController.h */ = {isa = PBXFileReference; fileEncoding = 4; lastKnownFileType = sourcecode.c.h; name = HowToPlayViewController.h; path = ../HowToPlayViewController.h; sourceTree = "<group>"; };
		3DBD8EF61D03640200A9D070 /* HowToPlayViewController.m */ = {isa = PBXFileReference; fileEncoding = 4; lastKnownFileType = sourcecode.c.objc; name = HowToPlayViewController.m; path = ../HowToPlayViewController.m; sourceTree = "<group>"; };
		3DD3F8B01D45B05C00EC78A0 /* LoseAcidViewController.h */ = {isa = PBXFileReference; fileEncoding = 4; lastKnownFileType = sourcecode.c.h; path = LoseAcidViewController.h; sourceTree = "<group>"; };
		3DD3F8B11D45B05C00EC78A0 /* LoseAcidViewController.m */ = {isa = PBXFileReference; fileEncoding = 4; lastKnownFileType = sourcecode.c.objc; path = LoseAcidViewController.m; sourceTree = "<group>"; };
		3DD3F8B31D45B06900EC78A0 /* LoseBaseViewController.h */ = {isa = PBXFileReference; fileEncoding = 4; lastKnownFileType = sourcecode.c.h; path = LoseBaseViewController.h; sourceTree = "<group>"; };
		3DD3F8B41D45B06900EC78A0 /* LoseBaseViewController.m */ = {isa = PBXFileReference; fileEncoding = 4; lastKnownFileType = sourcecode.c.objc; path = LoseBaseViewController.m; sourceTree = "<group>"; };
		3DD3F8B61D45B08500EC78A0 /* WinAcidBaseViewController.h */ = {isa = PBXFileReference; fileEncoding = 4; lastKnownFileType = sourcecode.c.h; path = WinAcidBaseViewController.h; sourceTree = "<group>"; };
		3DD3F8B71D45B08500EC78A0 /* WinAcidBaseViewController.m */ = {isa = PBXFileReference; fileEncoding = 4; lastKnownFileType = sourcecode.c.objc; path = WinAcidBaseViewController.m; sourceTree = "<group>"; };
		3DD3F8B91D4849F400EC78A0 /* Color Swipe button.png */ = {isa = PBXFileReference; lastKnownFileType = image.png; path = "Color Swipe button.png"; sourceTree = "<group>"; };
		3DD3F8BB1D484AF200EC78A0 /* check.png */ = {isa = PBXFileReference; lastKnownFileType = image.png; path = check.png; sourceTree = "<group>"; };
		3DD3F8BD1D484AF900EC78A0 /* pause.png */ = {isa = PBXFileReference; lastKnownFileType = image.png; path = pause.png; sourceTree = "<group>"; };
		3DD3F8BF1D484B0C00EC78A0 /* x.png */ = {isa = PBXFileReference; lastKnownFileType = image.png; path = x.png; sourceTree = "<group>"; };
		3DDC41B01CFA7E0B00A47210 /* GameKit.framework */ = {isa = PBXFileReference; lastKnownFileType = wrapper.framework; name = GameKit.framework; path = System/Library/Frameworks/GameKit.framework; sourceTree = SDKROOT; };
		3DEE07801D20266F0018B759 /* Ba-norm.png */ = {isa = PBXFileReference; lastKnownFileType = image.png; path = "Ba-norm.png"; sourceTree = "<group>"; };
		3DEE07811D20266F0018B759 /* Ca-norm.png */ = {isa = PBXFileReference; lastKnownFileType = image.png; path = "Ca-norm.png"; sourceTree = "<group>"; };
		3DEE07821D20266F0018B759 /* Cu-norm.png */ = {isa = PBXFileReference; lastKnownFileType = image.png; path = "Cu-norm.png"; sourceTree = "<group>"; };
		3DEE07841D20266F0018B759 /* Li-norm.png */ = {isa = PBXFileReference; lastKnownFileType = image.png; path = "Li-norm.png"; sourceTree = "<group>"; };
		3DEE07851D20266F0018B759 /* Na-norm.png */ = {isa = PBXFileReference; lastKnownFileType = image.png; path = "Na-norm.png"; sourceTree = "<group>"; };
		3DEE07861D20266F0018B759 /* St-norm.png */ = {isa = PBXFileReference; lastKnownFileType = image.png; path = "St-norm.png"; sourceTree = "<group>"; };
		EC4442891D1F10F600F5565D /* Ba-ionized.png */ = {isa = PBXFileReference; lastKnownFileType = image.png; name = "Ba-ionized.png"; path = "../../../Downloads/mitchellmu/Ba-ionized.png"; sourceTree = "<group>"; };
		EC44428C1D1F10F600F5565D /* Ca-ionized.png */ = {isa = PBXFileReference; lastKnownFileType = image.png; name = "Ca-ionized.png"; path = "../../../Downloads/mitchellmu/Ca-ionized.png"; sourceTree = "<group>"; };
		EC44428E1D1F10F600F5565D /* Cu-ionized.png */ = {isa = PBXFileReference; lastKnownFileType = image.png; name = "Cu-ionized.png"; path = "../../../Downloads/mitchellmu/Cu-ionized.png"; sourceTree = "<group>"; };
		EC4442901D1F10F600F5565D /* Green Brick.png */ = {isa = PBXFileReference; lastKnownFileType = image.png; name = "Green Brick.png"; path = "../../../Downloads/mitchellmu/Green Brick.png"; sourceTree = "<group>"; };
		EC4442911D1F10F600F5565D /* Li-ionized.png */ = {isa = PBXFileReference; lastKnownFileType = image.png; name = "Li-ionized.png"; path = "../../../Downloads/mitchellmu/Li-ionized.png"; sourceTree = "<group>"; };
		EC4442931D1F10F600F5565D /* Na-ionized.png */ = {isa = PBXFileReference; lastKnownFileType = image.png; name = "Na-ionized.png"; path = "../../../Downloads/mitchellmu/Na-ionized.png"; sourceTree = "<group>"; };
		EC4442951D1F10F600F5565D /* Orange Brick.png */ = {isa = PBXFileReference; lastKnownFileType = image.png; name = "Orange Brick.png"; path = "../../../Downloads/mitchellmu/Orange Brick.png"; sourceTree = "<group>"; };
		EC4442961D1F10F600F5565D /* Red brick.png */ = {isa = PBXFileReference; lastKnownFileType = image.png; name = "Red brick.png"; path = "../../../Downloads/mitchellmu/Red brick.png"; sourceTree = "<group>"; };
		EC4442971D1F10F600F5565D /* St-ionized.png */ = {isa = PBXFileReference; lastKnownFileType = image.png; name = "St-ionized.png"; path = "../../../Downloads/mitchellmu/St-ionized.png"; sourceTree = "<group>"; };
		EC4442991D1F10F600F5565D /* Yellow Brick.png */ = {isa = PBXFileReference; lastKnownFileType = image.png; name = "Yellow Brick.png"; path = "../../../Downloads/mitchellmu/Yellow Brick.png"; sourceTree = "<group>"; };
		EC6CF2F51CC4143D002C31BD /* ProColors.app */ = {isa = PBXFileReference; explicitFileType = wrapper.application; includeInIndex = 0; path = ProColors.app; sourceTree = BUILT_PRODUCTS_DIR; };
		EC6CF2F91CC4143D002C31BD /* main.m */ = {isa = PBXFileReference; lastKnownFileType = sourcecode.c.objc; path = main.m; sourceTree = "<group>"; };
		EC6CF2FB1CC4143D002C31BD /* AppDelegate.h */ = {isa = PBXFileReference; lastKnownFileType = sourcecode.c.h; path = AppDelegate.h; sourceTree = "<group>"; };
		EC6CF2FC1CC4143D002C31BD /* AppDelegate.m */ = {isa = PBXFileReference; lastKnownFileType = sourcecode.c.objc; path = AppDelegate.m; sourceTree = "<group>"; };
		EC6CF2FE1CC4143D002C31BD /* ViewController.h */ = {isa = PBXFileReference; lastKnownFileType = sourcecode.c.h; path = ViewController.h; sourceTree = "<group>"; };
		EC6CF2FF1CC4143D002C31BD /* ViewController.m */ = {isa = PBXFileReference; lastKnownFileType = sourcecode.c.objc; path = ViewController.m; sourceTree = "<group>"; };
		EC6CF3021CC4143D002C31BD /* Base */ = {isa = PBXFileReference; lastKnownFileType = file.storyboard; name = Base; path = Base.lproj/Main.storyboard; sourceTree = "<group>"; };
		EC6CF3041CC4143D002C31BD /* Assets.xcassets */ = {isa = PBXFileReference; lastKnownFileType = folder.assetcatalog; path = Assets.xcassets; sourceTree = "<group>"; };
		EC6CF3071CC4143D002C31BD /* Base */ = {isa = PBXFileReference; lastKnownFileType = file.storyboard; name = Base; path = Base.lproj/LaunchScreen.storyboard; sourceTree = "<group>"; };
		EC6CF3091CC4143D002C31BD /* Info.plist */ = {isa = PBXFileReference; lastKnownFileType = text.plist.xml; path = Info.plist; sourceTree = "<group>"; };
		EC6CF30E1CC4143D002C31BD /* ProColorsTests.xctest */ = {isa = PBXFileReference; explicitFileType = wrapper.cfbundle; includeInIndex = 0; path = ProColorsTests.xctest; sourceTree = BUILT_PRODUCTS_DIR; };
		EC6CF3121CC4143D002C31BD /* ProColorsTests.m */ = {isa = PBXFileReference; lastKnownFileType = sourcecode.c.objc; path = ProColorsTests.m; sourceTree = "<group>"; };
		EC6CF3141CC4143D002C31BD /* Info.plist */ = {isa = PBXFileReference; lastKnownFileType = text.plist.xml; path = Info.plist; sourceTree = "<group>"; };
		EC6CF3191CC4143D002C31BD /* ProColorsUITests.xctest */ = {isa = PBXFileReference; explicitFileType = wrapper.cfbundle; includeInIndex = 0; path = ProColorsUITests.xctest; sourceTree = BUILT_PRODUCTS_DIR; };
		EC6CF31D1CC4143D002C31BD /* ProColorsUITests.m */ = {isa = PBXFileReference; lastKnownFileType = sourcecode.c.objc; path = ProColorsUITests.m; sourceTree = "<group>"; };
		EC6CF31F1CC4143D002C31BD /* Info.plist */ = {isa = PBXFileReference; lastKnownFileType = text.plist.xml; path = Info.plist; sourceTree = "<group>"; };
		ECD1FEAA1D1F4C7300CC56C9 /* WinViewController.h */ = {isa = PBXFileReference; fileEncoding = 4; lastKnownFileType = sourcecode.c.h; path = WinViewController.h; sourceTree = "<group>"; };
		ECD1FEAB1D1F4C7300CC56C9 /* WinViewController.m */ = {isa = PBXFileReference; fileEncoding = 4; lastKnownFileType = sourcecode.c.objc; path = WinViewController.m; sourceTree = "<group>"; };
/* End PBXFileReference section */

/* Begin PBXFrameworksBuildPhase section */
		EC6CF2F21CC4143D002C31BD /* Frameworks */ = {
			isa = PBXFrameworksBuildPhase;
			buildActionMask = 2147483647;
			files = (
				3DB1DD2E1CFB65930018B5B3 /* UIKit.framework in Frameworks */,
				3DB1DD2C1CFB658C0018B5B3 /* CoreGraphics.framework in Frameworks */,
				3DB1DD2A1CFB65860018B5B3 /* Foundation.framework in Frameworks */,
				3D9CC7CD1CFB35FF008E2E83 /* GameKit.framework in Frameworks */,
			);
			runOnlyForDeploymentPostprocessing = 0;
		};
		EC6CF30B1CC4143D002C31BD /* Frameworks */ = {
			isa = PBXFrameworksBuildPhase;
			buildActionMask = 2147483647;
			files = (
			);
			runOnlyForDeploymentPostprocessing = 0;
		};
		EC6CF3161CC4143D002C31BD /* Frameworks */ = {
			isa = PBXFrameworksBuildPhase;
			buildActionMask = 2147483647;
			files = (
			);
			runOnlyForDeploymentPostprocessing = 0;
		};
/* End PBXFrameworksBuildPhase section */

/* Begin PBXGroup section */
		3D1A62C21D35A26700731DB1 /* ColorSwipeAssets */ = {
			isa = PBXGroup;
			children = (
				3D02A8CD1D205A60006616FA /* fire.png */,
				3DEE07801D20266F0018B759 /* Ba-norm.png */,
				3DEE07811D20266F0018B759 /* Ca-norm.png */,
				3DEE07821D20266F0018B759 /* Cu-norm.png */,
				3DEE07841D20266F0018B759 /* Li-norm.png */,
				3DEE07851D20266F0018B759 /* Na-norm.png */,
				3DEE07861D20266F0018B759 /* St-norm.png */,
				3D91F7941D2024CE0047ACC2 /* arrowdown.png */,
				3D91F7951D2024CE0047ACC2 /* arrowleft.png */,
				3D91F7961D2024CE0047ACC2 /* arrowright.png */,
				3D91F7971D2024CE0047ACC2 /* arrowup.png */,
				EC4442891D1F10F600F5565D /* Ba-ionized.png */,
				EC44428C1D1F10F600F5565D /* Ca-ionized.png */,
				EC44428E1D1F10F600F5565D /* Cu-ionized.png */,
				EC4442911D1F10F600F5565D /* Li-ionized.png */,
				EC4442971D1F10F600F5565D /* St-ionized.png */,
				EC4442931D1F10F600F5565D /* Na-ionized.png */,
				EC4442901D1F10F600F5565D /* Green Brick.png */,
				EC4442951D1F10F600F5565D /* Orange Brick.png */,
				EC4442961D1F10F600F5565D /* Red brick.png */,
				EC4442991D1F10F600F5565D /* Yellow Brick.png */,
			);
			name = ColorSwipeAssets;
			sourceTree = "<group>";
		};
		3D1A62C31D35A2A700731DB1 /* AcidOrBaseAssets */ = {
			isa = PBXGroup;
			children = (
				3D1A62C41D35A2B300731DB1 /* clear.png */,
				3D1A62C61D35A2B900731DB1 /* red.png */,
				3D1A62C81D35A2C000731DB1 /* yellow.png */,
				3D1A62CA1D35A2DB00731DB1 /* blue.png */,
				3DD3F8BB1D484AF200EC78A0 /* check.png */,
				3DD3F8BF1D484B0C00EC78A0 /* x.png */,
				3D1A62CC1D35B80A00731DB1 /* pink.png */,
				3D13D16B1D4852A700FAFBA2 /* Game Over Base.png */,
				3D13D16C1D4852A700FAFBA2 /* Game Over Acid.png */,
				3D92C37E1D4853B9003FA7D0 /* TimesUp.png */,
			);
			name = AcidOrBaseAssets;
			sourceTree = "<group>";
		};
		3D91F7921D2022B00047ACC2 /* ColorSwipe */ = {
			isa = PBXGroup;
			children = (
				3D5513B21CC43EBB00414144 /* Game.h */,
				3D5513B31CC43EBB00414144 /* Game.m */,
				3D333C971D1349540082AD75 /* LoseViewController.h */,
				3D333C981D1349540082AD75 /* LoseViewController.m */,
				ECD1FEAA1D1F4C7300CC56C9 /* WinViewController.h */,
				ECD1FEAB1D1F4C7300CC56C9 /* WinViewController.m */,
			);
			name = ColorSwipe;
			path = ..;
			sourceTree = "<group>";
		};
		3D91F7931D2022D50047ACC2 /* RightColor */ = {
			isa = PBXGroup;
			children = (
				3D91F78F1D20229E0047ACC2 /* AcidOrBase.h */,
				3D91F7901D20229E0047ACC2 /* AcidOrBase.m */,
				3DD3F8B01D45B05C00EC78A0 /* LoseAcidViewController.h */,
				3DD3F8B11D45B05C00EC78A0 /* LoseAcidViewController.m */,
				3DD3F8B31D45B06900EC78A0 /* LoseBaseViewController.h */,
				3DD3F8B41D45B06900EC78A0 /* LoseBaseViewController.m */,
				3DD3F8B61D45B08500EC78A0 /* WinAcidBaseViewController.h */,
				3DD3F8B71D45B08500EC78A0 /* WinAcidBaseViewController.m */,
			);
			name = RightColor;
			path = ..;
			sourceTree = "<group>";
		};
		EC6CF2EC1CC4143D002C31BD = {
			isa = PBXGroup;
			children = (
				3DB1DD2D1CFB65930018B5B3 /* UIKit.framework */,
				3DB1DD2B1CFB658C0018B5B3 /* CoreGraphics.framework */,
				3DB1DD291CFB65860018B5B3 /* Foundation.framework */,
				3DDC41B01CFA7E0B00A47210 /* GameKit.framework */,
				EC6CF2F71CC4143D002C31BD /* ProColors */,
				EC6CF3111CC4143D002C31BD /* ProColorsTests */,
				EC6CF31C1CC4143D002C31BD /* ProColorsUITests */,
				EC6CF2F61CC4143D002C31BD /* Products */,
			);
			sourceTree = "<group>";
		};
		EC6CF2F61CC4143D002C31BD /* Products */ = {
			isa = PBXGroup;
			children = (
				EC6CF2F51CC4143D002C31BD /* ProColors.app */,
				EC6CF30E1CC4143D002C31BD /* ProColorsTests.xctest */,
				EC6CF3191CC4143D002C31BD /* ProColorsUITests.xctest */,
			);
			name = Products;
			sourceTree = "<group>";
		};
		EC6CF2F71CC4143D002C31BD /* ProColors */ = {
			isa = PBXGroup;
			children = (
				EC6CF2FB1CC4143D002C31BD /* AppDelegate.h */,
				EC6CF2FC1CC4143D002C31BD /* AppDelegate.m */,
				EC6CF2FE1CC4143D002C31BD /* ViewController.h */,
				EC6CF2FF1CC4143D002C31BD /* ViewController.m */,
				3D91F7921D2022B00047ACC2 /* ColorSwipe */,
				3D91F7931D2022D50047ACC2 /* RightColor */,
				3DB1DD261CFB64620018B5B3 /* GameCenterViewController.h */,
				3DB1DD271CFB64620018B5B3 /* GameCenterViewController.m */,
				3DBD8EF51D03640200A9D070 /* HowToPlayViewController.h */,
				3DBD8EF61D03640200A9D070 /* HowToPlayViewController.m */,
				EC6CF3011CC4143D002C31BD /* Main.storyboard */,
				EC6CF3041CC4143D002C31BD /* Assets.xcassets */,
				EC6CF3061CC4143D002C31BD /* LaunchScreen.storyboard */,
				EC6CF3091CC4143D002C31BD /* Info.plist */,
				EC6CF2F81CC4143D002C31BD /* Supporting Files */,
			);
			path = ProColors;
			sourceTree = "<group>";
		};
		EC6CF2F81CC4143D002C31BD /* Supporting Files */ = {
			isa = PBXGroup;
			children = (
				3D0B1C221D49A832000AAED8 /* Gimme Danger.ttf */,
				3D5E22E81D49A6400028007D /* Howtoacidbase.png */,
				3D92C3881D49A208003FA7D0 /* GameMen.png */,
				3D92C3891D49A208003FA7D0 /* Main.png */,
				3DD3F8BD1D484AF900EC78A0 /* pause.png */,
				3D92C3841D49804F003FA7D0 /* playbutton.png */,
				3DD3F8B91D4849F400EC78A0 /* Color Swipe button.png */,
				3D92C3801D497FA3003FA7D0 /* ChemInfo.png */,
				3D92C3821D498005003FA7D0 /* Game.png */,
				3D92C3861D4981E8003FA7D0 /* back arrow.png */,
				3D1A62C31D35A2A700731DB1 /* AcidOrBaseAssets */,
				3D1A62C21D35A26700731DB1 /* ColorSwipeAssets */,
				3D91F78A1D1EBC640047ACC2 /* how.png */,
				3D91F78B1D1EBC640047ACC2 /* Play.png */,
				EC6CF2F91CC4143D002C31BD /* main.m */,
			);
			name = "Supporting Files";
			sourceTree = "<group>";
		};
		EC6CF3111CC4143D002C31BD /* ProColorsTests */ = {
			isa = PBXGroup;
			children = (
				EC6CF3121CC4143D002C31BD /* ProColorsTests.m */,
				EC6CF3141CC4143D002C31BD /* Info.plist */,
			);
			path = ProColorsTests;
			sourceTree = "<group>";
		};
		EC6CF31C1CC4143D002C31BD /* ProColorsUITests */ = {
			isa = PBXGroup;
			children = (
				EC6CF31D1CC4143D002C31BD /* ProColorsUITests.m */,
				EC6CF31F1CC4143D002C31BD /* Info.plist */,
			);
			path = ProColorsUITests;
			sourceTree = "<group>";
		};
/* End PBXGroup section */

/* Begin PBXNativeTarget section */
		EC6CF2F41CC4143D002C31BD /* ProColors */ = {
			isa = PBXNativeTarget;
			buildConfigurationList = EC6CF3221CC4143D002C31BD /* Build configuration list for PBXNativeTarget "ProColors" */;
			buildPhases = (
				EC6CF2F11CC4143D002C31BD /* Sources */,
				EC6CF2F21CC4143D002C31BD /* Frameworks */,
				EC6CF2F31CC4143D002C31BD /* Resources */,
			);
			buildRules = (
			);
			dependencies = (
			);
			name = ProColors;
			productName = ProColors;
			productReference = EC6CF2F51CC4143D002C31BD /* ProColors.app */;
			productType = "com.apple.product-type.application";
		};
		EC6CF30D1CC4143D002C31BD /* ProColorsTests */ = {
			isa = PBXNativeTarget;
			buildConfigurationList = EC6CF3251CC4143D002C31BD /* Build configuration list for PBXNativeTarget "ProColorsTests" */;
			buildPhases = (
				EC6CF30A1CC4143D002C31BD /* Sources */,
				EC6CF30B1CC4143D002C31BD /* Frameworks */,
				EC6CF30C1CC4143D002C31BD /* Resources */,
			);
			buildRules = (
			);
			dependencies = (
				EC6CF3101CC4143D002C31BD /* PBXTargetDependency */,
			);
			name = ProColorsTests;
			productName = ProColorsTests;
			productReference = EC6CF30E1CC4143D002C31BD /* ProColorsTests.xctest */;
			productType = "com.apple.product-type.bundle.unit-test";
		};
		EC6CF3181CC4143D002C31BD /* ProColorsUITests */ = {
			isa = PBXNativeTarget;
			buildConfigurationList = EC6CF3281CC4143D002C31BD /* Build configuration list for PBXNativeTarget "ProColorsUITests" */;
			buildPhases = (
				EC6CF3151CC4143D002C31BD /* Sources */,
				EC6CF3161CC4143D002C31BD /* Frameworks */,
				EC6CF3171CC4143D002C31BD /* Resources */,
			);
			buildRules = (
			);
			dependencies = (
				EC6CF31B1CC4143D002C31BD /* PBXTargetDependency */,
			);
			name = ProColorsUITests;
			productName = ProColorsUITests;
			productReference = EC6CF3191CC4143D002C31BD /* ProColorsUITests.xctest */;
			productType = "com.apple.product-type.bundle.ui-testing";
		};
/* End PBXNativeTarget section */

/* Begin PBXProject section */
		EC6CF2ED1CC4143D002C31BD /* Project object */ = {
			isa = PBXProject;
			attributes = {
				LastUpgradeCheck = 0720;
				ORGANIZATIONNAME = MuSquared;
				TargetAttributes = {
					EC6CF2F41CC4143D002C31BD = {
						CreatedOnToolsVersion = 7.2.1;
						DevelopmentTeam = CRBSJ4DXMT;
						SystemCapabilities = {
							com.apple.GameCenter = {
								enabled = 1;
							};
						};
					};
					EC6CF30D1CC4143D002C31BD = {
						CreatedOnToolsVersion = 7.2.1;
						TestTargetID = EC6CF2F41CC4143D002C31BD;
					};
					EC6CF3181CC4143D002C31BD = {
						CreatedOnToolsVersion = 7.2.1;
						TestTargetID = EC6CF2F41CC4143D002C31BD;
					};
				};
			};
			buildConfigurationList = EC6CF2F01CC4143D002C31BD /* Build configuration list for PBXProject "ProColors" */;
			compatibilityVersion = "Xcode 3.2";
			developmentRegion = English;
			hasScannedForEncodings = 0;
			knownRegions = (
				en,
				Base,
			);
			mainGroup = EC6CF2EC1CC4143D002C31BD;
			productRefGroup = EC6CF2F61CC4143D002C31BD /* Products */;
			projectDirPath = "";
			projectRoot = "";
			targets = (
				EC6CF2F41CC4143D002C31BD /* ProColors */,
				EC6CF30D1CC4143D002C31BD /* ProColorsTests */,
				EC6CF3181CC4143D002C31BD /* ProColorsUITests */,
			);
		};
/* End PBXProject section */

/* Begin PBXResourcesBuildPhase section */
		EC6CF2F31CC4143D002C31BD /* Resources */ = {
			isa = PBXResourcesBuildPhase;
			buildActionMask = 2147483647;
			files = (
				3D0B1C231D49A91A000AAED8 /* Gimme Danger.ttf in Resources */,
				3D92C38B1D49A208003FA7D0 /* Main.png in Resources */,
				3D13D16D1D4852A700FAFBA2 /* Game Over Base.png in Resources */,
				3D1A62C71D35A2B900731DB1 /* red.png in Resources */,
				3D92C3851D49804F003FA7D0 /* playbutton.png in Resources */,
				EC6CF3081CC4143D002C31BD /* LaunchScreen.storyboard in Resources */,
				EC4442AA1D1F10F600F5565D /* Yellow Brick.png in Resources */,
				3D02A8CE1D205A60006616FA /* fire.png in Resources */,
				3DEE078D1D20266F0018B759 /* St-norm.png in Resources */,
				3D5E22E91D49A6400028007D /* Howtoacidbase.png in Resources */,
				EC6CF3051CC4143D002C31BD /* Assets.xcassets in Resources */,
				EC44429A1D1F10F600F5565D /* Ba-ionized.png in Resources */,
				3D92C3811D497FA3003FA7D0 /* ChemInfo.png in Resources */,
				3D1A62C91D35A2C000731DB1 /* yellow.png in Resources */,
				EC44429F1D1F10F600F5565D /* Cu-ionized.png in Resources */,
				3D91F78D1D1EBC640047ACC2 /* how.png in Resources */,
				3D13D16E1D4852A700FAFBA2 /* Game Over Acid.png in Resources */,
				3D1A62CB1D35A2DB00731DB1 /* blue.png in Resources */,
				3DD3F8C01D484B0C00EC78A0 /* x.png in Resources */,
				EC4442A21D1F10F600F5565D /* Li-ionized.png in Resources */,
				3D1A62CD1D35B80A00731DB1 /* pink.png in Resources */,
				EC4442A71D1F10F600F5565D /* Red brick.png in Resources */,
				EC4442A81D1F10F600F5565D /* St-ionized.png in Resources */,
				EC4442A41D1F10F600F5565D /* Na-ionized.png in Resources */,
				3DD3F8BE1D484AF900EC78A0 /* pause.png in Resources */,
				3DD3F8BA1D4849F400EC78A0 /* Color Swipe button.png in Resources */,
				3DEE07871D20266F0018B759 /* Ba-norm.png in Resources */,
				3D91F7991D2024CE0047ACC2 /* arrowleft.png in Resources */,
				3DEE07881D20266F0018B759 /* Ca-norm.png in Resources */,
				EC4442A11D1F10F600F5565D /* Green Brick.png in Resources */,
				3DEE078B1D20266F0018B759 /* Li-norm.png in Resources */,
				3DEE07891D20266F0018B759 /* Cu-norm.png in Resources */,
				3D91F7981D2024CE0047ACC2 /* arrowdown.png in Resources */,
				3DEE078C1D20266F0018B759 /* Na-norm.png in Resources */,
				3D92C38A1D49A208003FA7D0 /* GameMen.png in Resources */,
				3D92C3871D4981E8003FA7D0 /* back arrow.png in Resources */,
				3D92C37F1D4853B9003FA7D0 /* TimesUp.png in Resources */,
				3DD3F8BC1D484AF200EC78A0 /* check.png in Resources */,
				EC6CF3031CC4143D002C31BD /* Main.storyboard in Resources */,
				3D91F79A1D2024CE0047ACC2 /* arrowright.png in Resources */,
				3D1A62C51D35A2B300731DB1 /* clear.png in Resources */,
				EC44429D1D1F10F600F5565D /* Ca-ionized.png in Resources */,
				3D91F79B1D2024CE0047ACC2 /* arrowup.png in Resources */,
				3D92C3831D498005003FA7D0 /* Game.png in Resources */,
				3D91F78E1D1EBC640047ACC2 /* Play.png in Resources */,
				EC4442A61D1F10F600F5565D /* Orange Brick.png in Resources */,
			);
			runOnlyForDeploymentPostprocessing = 0;
		};
		EC6CF30C1CC4143D002C31BD /* Resources */ = {
			isa = PBXResourcesBuildPhase;
			buildActionMask = 2147483647;
			files = (
			);
			runOnlyForDeploymentPostprocessing = 0;
		};
		EC6CF3171CC4143D002C31BD /* Resources */ = {
			isa = PBXResourcesBuildPhase;
			buildActionMask = 2147483647;
			files = (
			);
			runOnlyForDeploymentPostprocessing = 0;
		};
/* End PBXResourcesBuildPhase section */

/* Begin PBXSourcesBuildPhase section */
		EC6CF2F11CC4143D002C31BD /* Sources */ = {
			isa = PBXSourcesBuildPhase;
			buildActionMask = 2147483647;
			files = (
				3DBD8EF71D03640200A9D070 /* HowToPlayViewController.m in Sources */,
				EC6CF3001CC4143D002C31BD /* ViewController.m in Sources */,
				3DD3F8B51D45B06900EC78A0 /* LoseBaseViewController.m in Sources */,
				3DD3F8B21D45B05C00EC78A0 /* LoseAcidViewController.m in Sources */,
				EC6CF2FD1CC4143D002C31BD /* AppDelegate.m in Sources */,
				ECD1FEAC1D1F4C7300CC56C9 /* WinViewController.m in Sources */,
				3D91F7911D20229E0047ACC2 /* AcidOrBase.m in Sources */,
				3DD3F8B81D45B08500EC78A0 /* WinAcidBaseViewController.m in Sources */,
				EC6CF2FA1CC4143D002C31BD /* main.m in Sources */,
				3DB1DD281CFB64620018B5B3 /* GameCenterViewController.m in Sources */,
				3D5513B41CC43EBB00414144 /* Game.m in Sources */,
				3D333C991D1349540082AD75 /* LoseViewController.m in Sources */,
			);
			runOnlyForDeploymentPostprocessing = 0;
		};
		EC6CF30A1CC4143D002C31BD /* Sources */ = {
			isa = PBXSourcesBuildPhase;
			buildActionMask = 2147483647;
			files = (
				EC6CF3131CC4143D002C31BD /* ProColorsTests.m in Sources */,
			);
			runOnlyForDeploymentPostprocessing = 0;
		};
		EC6CF3151CC4143D002C31BD /* Sources */ = {
			isa = PBXSourcesBuildPhase;
			buildActionMask = 2147483647;
			files = (
				EC6CF31E1CC4143D002C31BD /* ProColorsUITests.m in Sources */,
			);
			runOnlyForDeploymentPostprocessing = 0;
		};
/* End PBXSourcesBuildPhase section */

/* Begin PBXTargetDependency section */
		EC6CF3101CC4143D002C31BD /* PBXTargetDependency */ = {
			isa = PBXTargetDependency;
			target = EC6CF2F41CC4143D002C31BD /* ProColors */;
			targetProxy = EC6CF30F1CC4143D002C31BD /* PBXContainerItemProxy */;
		};
		EC6CF31B1CC4143D002C31BD /* PBXTargetDependency */ = {
			isa = PBXTargetDependency;
			target = EC6CF2F41CC4143D002C31BD /* ProColors */;
			targetProxy = EC6CF31A1CC4143D002C31BD /* PBXContainerItemProxy */;
		};
/* End PBXTargetDependency section */

/* Begin PBXVariantGroup section */
		EC6CF3011CC4143D002C31BD /* Main.storyboard */ = {
			isa = PBXVariantGroup;
			children = (
				EC6CF3021CC4143D002C31BD /* Base */,
			);
			name = Main.storyboard;
			sourceTree = "<group>";
		};
		EC6CF3061CC4143D002C31BD /* LaunchScreen.storyboard */ = {
			isa = PBXVariantGroup;
			children = (
				EC6CF3071CC4143D002C31BD /* Base */,
			);
			name = LaunchScreen.storyboard;
			sourceTree = "<group>";
		};
/* End PBXVariantGroup section */

/* Begin XCBuildConfiguration section */
		EC6CF3201CC4143D002C31BD /* Debug */ = {
			isa = XCBuildConfiguration;
			buildSettings = {
				ALWAYS_SEARCH_USER_PATHS = NO;
				CLANG_CXX_LANGUAGE_STANDARD = "gnu++0x";
				CLANG_CXX_LIBRARY = "libc++";
				CLANG_ENABLE_MODULES = YES;
				CLANG_ENABLE_OBJC_ARC = YES;
				CLANG_WARN_BOOL_CONVERSION = YES;
				CLANG_WARN_CONSTANT_CONVERSION = YES;
				CLANG_WARN_DIRECT_OBJC_ISA_USAGE = YES_ERROR;
				CLANG_WARN_EMPTY_BODY = YES;
				CLANG_WARN_ENUM_CONVERSION = YES;
				CLANG_WARN_INT_CONVERSION = YES;
				CLANG_WARN_OBJC_ROOT_CLASS = YES_ERROR;
				CLANG_WARN_UNREACHABLE_CODE = YES;
				CLANG_WARN__DUPLICATE_METHOD_MATCH = YES;
				"CODE_SIGN_IDENTITY[sdk=iphoneos*]" = "iPhone Developer";
				COPY_PHASE_STRIP = NO;
				DEBUG_INFORMATION_FORMAT = dwarf;
				ENABLE_STRICT_OBJC_MSGSEND = YES;
				ENABLE_TESTABILITY = YES;
				GCC_C_LANGUAGE_STANDARD = gnu99;
				GCC_DYNAMIC_NO_PIC = NO;
				GCC_NO_COMMON_BLOCKS = NO;
				GCC_OPTIMIZATION_LEVEL = 0;
				GCC_PREPROCESSOR_DEFINITIONS = (
					"DEBUG=1",
					"$(inherited)",
				);
				GCC_WARN_64_TO_32_BIT_CONVERSION = YES;
				GCC_WARN_ABOUT_RETURN_TYPE = YES_ERROR;
				GCC_WARN_UNDECLARED_SELECTOR = YES;
				GCC_WARN_UNINITIALIZED_AUTOS = YES_AGGRESSIVE;
				GCC_WARN_UNUSED_FUNCTION = YES;
				GCC_WARN_UNUSED_VARIABLE = YES;
				IPHONEOS_DEPLOYMENT_TARGET = 7.0;
				MTL_ENABLE_DEBUG_INFO = YES;
				ONLY_ACTIVE_ARCH = YES;
				SDKROOT = iphoneos;
			};
			name = Debug;
		};
		EC6CF3211CC4143D002C31BD /* Release */ = {
			isa = XCBuildConfiguration;
			buildSettings = {
				ALWAYS_SEARCH_USER_PATHS = NO;
				CLANG_CXX_LANGUAGE_STANDARD = "gnu++0x";
				CLANG_CXX_LIBRARY = "libc++";
				CLANG_ENABLE_MODULES = YES;
				CLANG_ENABLE_OBJC_ARC = YES;
				CLANG_WARN_BOOL_CONVERSION = YES;
				CLANG_WARN_CONSTANT_CONVERSION = YES;
				CLANG_WARN_DIRECT_OBJC_ISA_USAGE = YES_ERROR;
				CLANG_WARN_EMPTY_BODY = YES;
				CLANG_WARN_ENUM_CONVERSION = YES;
				CLANG_WARN_INT_CONVERSION = YES;
				CLANG_WARN_OBJC_ROOT_CLASS = YES_ERROR;
				CLANG_WARN_UNREACHABLE_CODE = YES;
				CLANG_WARN__DUPLICATE_METHOD_MATCH = YES;
				"CODE_SIGN_IDENTITY[sdk=iphoneos*]" = "iPhone Developer";
				COPY_PHASE_STRIP = NO;
				DEBUG_INFORMATION_FORMAT = "dwarf-with-dsym";
				ENABLE_NS_ASSERTIONS = NO;
				ENABLE_STRICT_OBJC_MSGSEND = YES;
				GCC_C_LANGUAGE_STANDARD = gnu99;
				GCC_NO_COMMON_BLOCKS = NO;
				GCC_WARN_64_TO_32_BIT_CONVERSION = YES;
				GCC_WARN_ABOUT_RETURN_TYPE = YES_ERROR;
				GCC_WARN_UNDECLARED_SELECTOR = YES;
				GCC_WARN_UNINITIALIZED_AUTOS = YES_AGGRESSIVE;
				GCC_WARN_UNUSED_FUNCTION = YES;
				GCC_WARN_UNUSED_VARIABLE = YES;
				IPHONEOS_DEPLOYMENT_TARGET = 7.0;
				MTL_ENABLE_DEBUG_INFO = NO;
				"OTHER_LDFLAGS[arch=*]" = "";
				SDKROOT = iphoneos;
				VALIDATE_PRODUCT = YES;
			};
			name = Release;
		};
		EC6CF3231CC4143D002C31BD /* Debug */ = {
			isa = XCBuildConfiguration;
			buildSettings = {
				ASSETCATALOG_COMPILER_APPICON_NAME = AppIcon;
				CODE_SIGN_IDENTITY = "iPhone Developer";
				"CODE_SIGN_IDENTITY[sdk=iphoneos*]" = "iPhone Developer";
				INFOPLIST_FILE = ProColors/Info.plist;
				IPHONEOS_DEPLOYMENT_TARGET = 7.0;
				LD_RUNPATH_SEARCH_PATHS = "$(inherited) @executable_path/Frameworks";
				PRODUCT_BUNDLE_IDENTIFIER = com.MuSquared.ProColors;
				PRODUCT_NAME = "$(TARGET_NAME)";
				PROVISIONING_PROFILE = "";
				TARGETED_DEVICE_FAMILY = 1;
			};
			name = Debug;
		};
		EC6CF3241CC4143D002C31BD /* Release */ = {
			isa = XCBuildConfiguration;
			buildSettings = {
				ASSETCATALOG_COMPILER_APPICON_NAME = AppIcon;
				CODE_SIGN_IDENTITY = "iPhone Developer";
				"CODE_SIGN_IDENTITY[sdk=iphoneos*]" = "iPhone Developer";
				INFOPLIST_FILE = ProColors/Info.plist;
				IPHONEOS_DEPLOYMENT_TARGET = 7.0;
				LD_RUNPATH_SEARCH_PATHS = "$(inherited) @executable_path/Frameworks";
				PRODUCT_BUNDLE_IDENTIFIER = com.MuSquared.ProColors;
				PRODUCT_NAME = "$(TARGET_NAME)";
				PROVISIONING_PROFILE = "";
				TARGETED_DEVICE_FAMILY = 1;
			};
			name = Release;
		};
		EC6CF3261CC4143D002C31BD /* Debug */ = {
			isa = XCBuildConfiguration;
			buildSettings = {
				BUNDLE_LOADER = "$(TEST_HOST)";
				INFOPLIST_FILE = ProColorsTests/Info.plist;
				LD_RUNPATH_SEARCH_PATHS = "$(inherited) @executable_path/Frameworks @loader_path/Frameworks";
				PRODUCT_BUNDLE_IDENTIFIER = com.MuSquared.ProColorsTests;
				PRODUCT_NAME = "$(TARGET_NAME)";
				TEST_HOST = "$(BUILT_PRODUCTS_DIR)/ProColors.app/ProColors";
			};
			name = Debug;
		};
		EC6CF3271CC4143D002C31BD /* Release */ = {
			isa = XCBuildConfiguration;
			buildSettings = {
				BUNDLE_LOADER = "$(TEST_HOST)";
				INFOPLIST_FILE = ProColorsTests/Info.plist;
				LD_RUNPATH_SEARCH_PATHS = "$(inherited) @executable_path/Frameworks @loader_path/Frameworks";
				PRODUCT_BUNDLE_IDENTIFIER = com.MuSquared.ProColorsTests;
				PRODUCT_NAME = "$(TARGET_NAME)";
				TEST_HOST = "$(BUILT_PRODUCTS_DIR)/ProColors.app/ProColors";
			};
			name = Release;
		};
		EC6CF3291CC4143D002C31BD /* Debug */ = {
			isa = XCBuildConfiguration;
			buildSettings = {
				INFOPLIST_FILE = ProColorsUITests/Info.plist;
				LD_RUNPATH_SEARCH_PATHS = "$(inherited) @executable_path/Frameworks @loader_path/Frameworks";
				PRODUCT_BUNDLE_IDENTIFIER = com.MuSquared.ProColorsUITests;
				PRODUCT_NAME = "$(TARGET_NAME)";
				TEST_TARGET_NAME = ProColors;
				USES_XCTRUNNER = YES;
			};
			name = Debug;
		};
		EC6CF32A1CC4143D002C31BD /* Release */ = {
			isa = XCBuildConfiguration;
			buildSettings = {
				INFOPLIST_FILE = ProColorsUITests/Info.plist;
				LD_RUNPATH_SEARCH_PATHS = "$(inherited) @executable_path/Frameworks @loader_path/Frameworks";
				PRODUCT_BUNDLE_IDENTIFIER = com.MuSquared.ProColorsUITests;
				PRODUCT_NAME = "$(TARGET_NAME)";
				TEST_TARGET_NAME = ProColors;
				USES_XCTRUNNER = YES;
			};
			name = Release;
		};
/* End XCBuildConfiguration section */

/* Begin XCConfigurationList section */
		EC6CF2F01CC4143D002C31BD /* Build configuration list for PBXProject "ProColors" */ = {
			isa = XCConfigurationList;
			buildConfigurations = (
				EC6CF3201CC4143D002C31BD /* Debug */,
				EC6CF3211CC4143D002C31BD /* Release */,
			);
			defaultConfigurationIsVisible = 0;
			defaultConfigurationName = Release;
		};
		EC6CF3221CC4143D002C31BD /* Build configuration list for PBXNativeTarget "ProColors" */ = {
			isa = XCConfigurationList;
			buildConfigurations = (
				EC6CF3231CC4143D002C31BD /* Debug */,
				EC6CF3241CC4143D002C31BD /* Release */,
			);
			defaultConfigurationIsVisible = 0;
			defaultConfigurationName = Release;
		};
		EC6CF3251CC4143D002C31BD /* Build configuration list for PBXNativeTarget "ProColorsTests" */ = {
			isa = XCConfigurationList;
			buildConfigurations = (
				EC6CF3261CC4143D002C31BD /* Debug */,
				EC6CF3271CC4143D002C31BD /* Release */,
			);
			defaultConfigurationIsVisible = 0;
			defaultConfigurationName = Release;
		};
		EC6CF3281CC4143D002C31BD /* Build configuration list for PBXNativeTarget "ProColorsUITests" */ = {
			isa = XCConfigurationList;
			buildConfigurations = (
				EC6CF3291CC4143D002C31BD /* Debug */,
				EC6CF32A1CC4143D002C31BD /* Release */,
			);
			defaultConfigurationIsVisible = 0;
			defaultConfigurationName = Release;
		};
/* End XCConfigurationList section */
	};
	rootObject = EC6CF2ED1CC4143D002C31BD /* Project object */;
}
